// !$*UTF8*$!
{
	archiveVersion = 1;
	classes = {
	};
	objectVersion = 56;
	objects = {

/* Begin PBXBuildFile section */
		F2BD802F2BFA749F004BA829 /* Cheshire_HuntApp.swift in Sources */ = {isa = PBXBuildFile; fileRef = F2BD802E2BFA749F004BA829 /* Cheshire_HuntApp.swift */; };
		F2BD80312BFA749F004BA829 /* ContentView.swift in Sources */ = {isa = PBXBuildFile; fileRef = F2BD80302BFA749F004BA829 /* ContentView.swift */; };
		F2BD80332BFA74A0004BA829 /* Assets.xcassets in Resources */ = {isa = PBXBuildFile; fileRef = F2BD80322BFA74A0004BA829 /* Assets.xcassets */; };
		F2BD80362BFA74A0004BA829 /* Preview Assets.xcassets in Resources */ = {isa = PBXBuildFile; fileRef = F2BD80352BFA74A0004BA829 /* Preview Assets.xcassets */; };
		F2BD80502BFA7C2A004BA829 /* start.mp3 in Resources */ = {isa = PBXBuildFile; fileRef = F2BD804C2BFA7C2A004BA829 /* start.mp3 */; };
		F2BD80512BFA7C2A004BA829 /* yay.mp3 in Resources */ = {isa = PBXBuildFile; fileRef = F2BD804D2BFA7C2A004BA829 /* yay.mp3 */; };
		F2BD80522BFA7C2A004BA829 /* meow.mp3 in Resources */ = {isa = PBXBuildFile; fileRef = F2BD804E2BFA7C2A004BA829 /* meow.mp3 */; };
		F2BD80532BFA7C2A004BA829 /* song.mp3 in Resources */ = {isa = PBXBuildFile; fileRef = F2BD804F2BFA7C2A004BA829 /* song.mp3 */; };
		F2BD80552BFA7C54004BA829 /* CheshireViewModel.swift in Sources */ = {isa = PBXBuildFile; fileRef = F2BD80542BFA7C54004BA829 /* CheshireViewModel.swift */; };
		F2BD80572BFA7C60004BA829 /* LocationManager.swift in Sources */ = {isa = PBXBuildFile; fileRef = F2BD80562BFA7C60004BA829 /* LocationManager.swift */; };
/* End PBXBuildFile section */

/* Begin PBXFileReference section */
		F2BD802B2BFA749F004BA829 /* Cheshire Hunt.app */ = {isa = PBXFileReference; explicitFileType = wrapper.application; includeInIndex = 0; path = "Cheshire Hunt.app"; sourceTree = BUILT_PRODUCTS_DIR; };
		F2BD802E2BFA749F004BA829 /* Cheshire_HuntApp.swift */ = {isa = PBXFileReference; lastKnownFileType = sourcecode.swift; path = Cheshire_HuntApp.swift; sourceTree = "<group>"; };
		F2BD80302BFA749F004BA829 /* ContentView.swift */ = {isa = PBXFileReference; lastKnownFileType = sourcecode.swift; path = ContentView.swift; sourceTree = "<group>"; };
		F2BD80322BFA74A0004BA829 /* Assets.xcassets */ = {isa = PBXFileReference; lastKnownFileType = folder.assetcatalog; path = Assets.xcassets; sourceTree = "<group>"; };
		F2BD80352BFA74A0004BA829 /* Preview Assets.xcassets */ = {isa = PBXFileReference; lastKnownFileType = folder.assetcatalog; path = "Preview Assets.xcassets"; sourceTree = "<group>"; };
		F2BD804C2BFA7C2A004BA829 /* start.mp3 */ = {isa = PBXFileReference; lastKnownFileType = audio.mp3; path = start.mp3; sourceTree = "<group>"; };
		F2BD804D2BFA7C2A004BA829 /* yay.mp3 */ = {isa = PBXFileReference; lastKnownFileType = audio.mp3; path = yay.mp3; sourceTree = "<group>"; };
		F2BD804E2BFA7C2A004BA829 /* meow.mp3 */ = {isa = PBXFileReference; lastKnownFileType = audio.mp3; path = meow.mp3; sourceTree = "<group>"; };
		F2BD804F2BFA7C2A004BA829 /* song.mp3 */ = {isa = PBXFileReference; lastKnownFileType = audio.mp3; path = song.mp3; sourceTree = "<group>"; };
		F2BD80542BFA7C54004BA829 /* CheshireViewModel.swift */ = {isa = PBXFileReference; lastKnownFileType = sourcecode.swift; path = CheshireViewModel.swift; sourceTree = "<group>"; };
		F2BD80562BFA7C60004BA829 /* LocationManager.swift */ = {isa = PBXFileReference; lastKnownFileType = sourcecode.swift; path = LocationManager.swift; sourceTree = "<group>"; };
/* End PBXFileReference section */

/* Begin PBXFrameworksBuildPhase section */
		F2BD80282BFA749F004BA829 /* Frameworks */ = {
			isa = PBXFrameworksBuildPhase;
			buildActionMask = 2147483647;
			files = (
			);
			runOnlyForDeploymentPostprocessing = 0;
		};
/* End PBXFrameworksBuildPhase section */

/* Begin PBXGroup section */
		F2BD80222BFA749F004BA829 = {
			isa = PBXGroup;
			children = (
				F2BD802D2BFA749F004BA829 /* Cheshire Hunt */,
				F2BD802C2BFA749F004BA829 /* Products */,
			);
			sourceTree = "<group>";
		};
		F2BD802C2BFA749F004BA829 /* Products */ = {
			isa = PBXGroup;
			children = (
				F2BD802B2BFA749F004BA829 /* Cheshire Hunt.app */,
			);
			name = Products;
			sourceTree = "<group>";
		};
		F2BD802D2BFA749F004BA829 /* Cheshire Hunt */ = {
			isa = PBXGroup;
			children = (
				F2BD804B2BFA7BFC004BA829 /* Sound */,
				F2BD802E2BFA749F004BA829 /* Cheshire_HuntApp.swift */,
				F2BD80302BFA749F004BA829 /* ContentView.swift */,
				F2BD80542BFA7C54004BA829 /* CheshireViewModel.swift */,
				F2BD80562BFA7C60004BA829 /* LocationManager.swift */,
				F2BD80322BFA74A0004BA829 /* Assets.xcassets */,
				F2BD80342BFA74A0004BA829 /* Preview Content */,
			);
			path = "Cheshire Hunt";
			sourceTree = "<group>";
		};
		F2BD80342BFA74A0004BA829 /* Preview Content */ = {
			isa = PBXGroup;
			children = (
				F2BD80352BFA74A0004BA829 /* Preview Assets.xcassets */,
			);
			path = "Preview Content";
			sourceTree = "<group>";
		};
		F2BD804B2BFA7BFC004BA829 /* Sound */ = {
			isa = PBXGroup;
			children = (
				F2BD804E2BFA7C2A004BA829 /* meow.mp3 */,
				F2BD804F2BFA7C2A004BA829 /* song.mp3 */,
				F2BD804C2BFA7C2A004BA829 /* start.mp3 */,
				F2BD804D2BFA7C2A004BA829 /* yay.mp3 */,
			);
			path = Sound;
			sourceTree = "<group>";
		};
/* End PBXGroup section */

/* Begin PBXNativeTarget section */
		F2BD802A2BFA749F004BA829 /* Cheshire Hunt */ = {
			isa = PBXNativeTarget;
			buildConfigurationList = F2BD80392BFA74A0004BA829 /* Build configuration list for PBXNativeTarget "Cheshire Hunt" */;
			buildPhases = (
				F2BD80272BFA749F004BA829 /* Sources */,
				F2BD80282BFA749F004BA829 /* Frameworks */,
				F2BD80292BFA749F004BA829 /* Resources */,
			);
			buildRules = (
			);
			dependencies = (
			);
			name = "Cheshire Hunt";
			productName = "Cheshire Hunt";
			productReference = F2BD802B2BFA749F004BA829 /* Cheshire Hunt.app */;
			productType = "com.apple.product-type.application";
		};
/* End PBXNativeTarget section */

/* Begin PBXProject section */
		F2BD80232BFA749F004BA829 /* Project object */ = {
			isa = PBXProject;
			attributes = {
				BuildIndependentTargetsInParallel = 1;
				LastSwiftUpdateCheck = 1520;
				LastUpgradeCheck = 1520;
				TargetAttributes = {
					F2BD802A2BFA749F004BA829 = {
						CreatedOnToolsVersion = 15.2;
					};
				};
			};
			buildConfigurationList = F2BD80262BFA749F004BA829 /* Build configuration list for PBXProject "Cheshire Hunt" */;
			compatibilityVersion = "Xcode 14.0";
			developmentRegion = en;
			hasScannedForEncodings = 0;
			knownRegions = (
				en,
				Base,
			);
			mainGroup = F2BD80222BFA749F004BA829;
			productRefGroup = F2BD802C2BFA749F004BA829 /* Products */;
			projectDirPath = "";
			projectRoot = "";
			targets = (
				F2BD802A2BFA749F004BA829 /* Cheshire Hunt */,
			);
		};
/* End PBXProject section */

/* Begin PBXResourcesBuildPhase section */
		F2BD80292BFA749F004BA829 /* Resources */ = {
			isa = PBXResourcesBuildPhase;
			buildActionMask = 2147483647;
			files = (
				F2BD80512BFA7C2A004BA829 /* yay.mp3 in Resources */,
				F2BD80522BFA7C2A004BA829 /* meow.mp3 in Resources */,
				F2BD80362BFA74A0004BA829 /* Preview Assets.xcassets in Resources */,
				F2BD80502BFA7C2A004BA829 /* start.mp3 in Resources */,
				F2BD80332BFA74A0004BA829 /* Assets.xcassets in Resources */,
				F2BD80532BFA7C2A004BA829 /* song.mp3 in Resources */,
			);
			runOnlyForDeploymentPostprocessing = 0;
		};
/* End PBXResourcesBuildPhase section */

/* Begin PBXSourcesBuildPhase section */
		F2BD80272BFA749F004BA829 /* Sources */ = {
			isa = PBXSourcesBuildPhase;
			buildActionMask = 2147483647;
			files = (
				F2BD80572BFA7C60004BA829 /* LocationManager.swift in Sources */,
				F2BD80312BFA749F004BA829 /* ContentView.swift in Sources */,
				F2BD802F2BFA749F004BA829 /* Cheshire_HuntApp.swift in Sources */,
				F2BD80552BFA7C54004BA829 /* CheshireViewModel.swift in Sources */,
			);
			runOnlyForDeploymentPostprocessing = 0;
		};
/* End PBXSourcesBuildPhase section */

/* Begin XCBuildConfiguration section */
		F2BD80372BFA74A0004BA829 /* Debug */ = {
			isa = XCBuildConfiguration;
			buildSettings = {
				ALWAYS_SEARCH_USER_PATHS = NO;
				ASSETCATALOG_COMPILER_GENERATE_SWIFT_ASSET_SYMBOL_EXTENSIONS = YES;
				CLANG_ANALYZER_NONNULL = YES;
				CLANG_ANALYZER_NUMBER_OBJECT_CONVERSION = YES_AGGRESSIVE;
				CLANG_CXX_LANGUAGE_STANDARD = "gnu++20";
				CLANG_ENABLE_MODULES = YES;
				CLANG_ENABLE_OBJC_ARC = YES;
				CLANG_ENABLE_OBJC_WEAK = YES;
				CLANG_WARN_BLOCK_CAPTURE_AUTORELEASING = YES;
				CLANG_WARN_BOOL_CONVERSION = YES;
				CLANG_WARN_COMMA = YES;
				CLANG_WARN_CONSTANT_CONVERSION = YES;
				CLANG_WARN_DEPRECATED_OBJC_IMPLEMENTATIONS = YES;
				CLANG_WARN_DIRECT_OBJC_ISA_USAGE = YES_ERROR;
				CLANG_WARN_DOCUMENTATION_COMMENTS = YES;
				CLANG_WARN_EMPTY_BODY = YES;
				CLANG_WARN_ENUM_CONVERSION = YES;
				CLANG_WARN_INFINITE_RECURSION = YES;
				CLANG_WARN_INT_CONVERSION = YES;
				CLANG_WARN_NON_LITERAL_NULL_CONVERSION = YES;
				CLANG_WARN_OBJC_IMPLICIT_RETAIN_SELF = YES;
				CLANG_WARN_OBJC_LITERAL_CONVERSION = YES;
				CLANG_WARN_OBJC_ROOT_CLASS = YES_ERROR;
				CLANG_WARN_QUOTED_INCLUDE_IN_FRAMEWORK_HEADER = YES;
				CLANG_WARN_RANGE_LOOP_ANALYSIS = YES;
				CLANG_WARN_STRICT_PROTOTYPES = YES;
				CLANG_WARN_SUSPICIOUS_MOVE = YES;
				CLANG_WARN_UNGUARDED_AVAILABILITY = YES_AGGRESSIVE;
				CLANG_WARN_UNREACHABLE_CODE = YES;
				CLANG_WARN__DUPLICATE_METHOD_MATCH = YES;
				COPY_PHASE_STRIP = NO;
				DEBUG_INFORMATION_FORMAT = dwarf;
				ENABLE_STRICT_OBJC_MSGSEND = YES;
				ENABLE_TESTABILITY = YES;
				ENABLE_USER_SCRIPT_SANDBOXING = YES;
				GCC_C_LANGUAGE_STANDARD = gnu17;
				GCC_DYNAMIC_NO_PIC = NO;
				GCC_NO_COMMON_BLOCKS = YES;
				GCC_OPTIMIZATION_LEVEL = 0;
				GCC_PREPROCESSOR_DEFINITIONS = (
					"DEBUG=1",
					"$(inherited)",
				);
				GCC_WARN_64_TO_32_BIT_CONVERSION = YES;
				GCC_WARN_ABOUT_RETURN_TYPE = YES_ERROR;
				GCC_WARN_UNDECLARED_SELECTOR = YES;
				GCC_WARN_UNINITIALIZED_AUTOS = YES_AGGRESSIVE;
				GCC_WARN_UNUSED_FUNCTION = YES;
				GCC_WARN_UNUSED_VARIABLE = YES;
				IPHONEOS_DEPLOYMENT_TARGET = 17.2;
				LOCALIZATION_PREFERS_STRING_CATALOGS = YES;
				MTL_ENABLE_DEBUG_INFO = INCLUDE_SOURCE;
				MTL_FAST_MATH = YES;
				ONLY_ACTIVE_ARCH = YES;
				SDKROOT = iphoneos;
				SWIFT_ACTIVE_COMPILATION_CONDITIONS = "DEBUG $(inherited)";
				SWIFT_OPTIMIZATION_LEVEL = "-Onone";
			};
			name = Debug;
		};
		F2BD80382BFA74A0004BA829 /* Release */ = {
			isa = XCBuildConfiguration;
			buildSettings = {
				ALWAYS_SEARCH_USER_PATHS = NO;
				ASSETCATALOG_COMPILER_GENERATE_SWIFT_ASSET_SYMBOL_EXTENSIONS = YES;
				CLANG_ANALYZER_NONNULL = YES;
				CLANG_ANALYZER_NUMBER_OBJECT_CONVERSION = YES_AGGRESSIVE;
				CLANG_CXX_LANGUAGE_STANDARD = "gnu++20";
				CLANG_ENABLE_MODULES = YES;
				CLANG_ENABLE_OBJC_ARC = YES;
				CLANG_ENABLE_OBJC_WEAK = YES;
				CLANG_WARN_BLOCK_CAPTURE_AUTORELEASING = YES;
				CLANG_WARN_BOOL_CONVERSION = YES;
				CLANG_WARN_COMMA = YES;
				CLANG_WARN_CONSTANT_CONVERSION = YES;
				CLANG_WARN_DEPRECATED_OBJC_IMPLEMENTATIONS = YES;
				CLANG_WARN_DIRECT_OBJC_ISA_USAGE = YES_ERROR;
				CLANG_WARN_DOCUMENTATION_COMMENTS = YES;
				CLANG_WARN_EMPTY_BODY = YES;
				CLANG_WARN_ENUM_CONVERSION = YES;
				CLANG_WARN_INFINITE_RECURSION = YES;
				CLANG_WARN_INT_CONVERSION = YES;
				CLANG_WARN_NON_LITERAL_NULL_CONVERSION = YES;
				CLANG_WARN_OBJC_IMPLICIT_RETAIN_SELF = YES;
				CLANG_WARN_OBJC_LITERAL_CONVERSION = YES;
				CLANG_WARN_OBJC_ROOT_CLASS = YES_ERROR;
				CLANG_WARN_QUOTED_INCLUDE_IN_FRAMEWORK_HEADER = YES;
				CLANG_WARN_RANGE_LOOP_ANALYSIS = YES;
				CLANG_WARN_STRICT_PROTOTYPES = YES;
				CLANG_WARN_SUSPICIOUS_MOVE = YES;
				CLANG_WARN_UNGUARDED_AVAILABILITY = YES_AGGRESSIVE;
				CLANG_WARN_UNREACHABLE_CODE = YES;
				CLANG_WARN__DUPLICATE_METHOD_MATCH = YES;
				COPY_PHASE_STRIP = NO;
				DEBUG_INFORMATION_FORMAT = "dwarf-with-dsym";
				ENABLE_NS_ASSERTIONS = NO;
				ENABLE_STRICT_OBJC_MSGSEND = YES;
				ENABLE_USER_SCRIPT_SANDBOXING = YES;
				GCC_C_LANGUAGE_STANDARD = gnu17;
				GCC_NO_COMMON_BLOCKS = YES;
				GCC_WARN_64_TO_32_BIT_CONVERSION = YES;
				GCC_WARN_ABOUT_RETURN_TYPE = YES_ERROR;
				GCC_WARN_UNDECLARED_SELECTOR = YES;
				GCC_WARN_UNINITIALIZED_AUTOS = YES_AGGRESSIVE;
				GCC_WARN_UNUSED_FUNCTION = YES;
				GCC_WARN_UNUSED_VARIABLE = YES;
				IPHONEOS_DEPLOYMENT_TARGET = 17.2;
				LOCALIZATION_PREFERS_STRING_CATALOGS = YES;
				MTL_ENABLE_DEBUG_INFO = NO;
				MTL_FAST_MATH = YES;
				SDKROOT = iphoneos;
				SWIFT_COMPILATION_MODE = wholemodule;
				VALIDATE_PRODUCT = YES;
			};
			name = Release;
		};
		F2BD803A2BFA74A0004BA829 /* Debug */ = {
			isa = XCBuildConfiguration;
			buildSettings = {
				ASSETCATALOG_COMPILER_APPICON_NAME = AppIcon;
				ASSETCATALOG_COMPILER_GLOBAL_ACCENT_COLOR_NAME = AccentColor;
				CODE_SIGN_STYLE = Automatic;
				CURRENT_PROJECT_VERSION = 1;
				DEVELOPMENT_ASSET_PATHS = "\"Cheshire Hunt/Preview Content\"";
				DEVELOPMENT_TEAM = KX8KRVU9U5;
				ENABLE_PREVIEWS = YES;
				GENERATE_INFOPLIST_FILE = YES;
				INFOPLIST_FILE = "Cheshire-Hunt-Info.plist";
				INFOPLIST_KEY_NSLocationAlwaysAndWhenInUseUsageDescription = "Application need your location";
				INFOPLIST_KEY_NSLocationAlwaysUsageDescription = "Application need your location";
				INFOPLIST_KEY_NSLocationUsageDescription = "Application need your location";
				INFOPLIST_KEY_NSLocationWhenInUseUsageDescription = "Application need your location";
				INFOPLIST_KEY_UIApplicationSceneManifest_Generation = YES;
				INFOPLIST_KEY_UIApplicationSupportsIndirectInputEvents = YES;
				INFOPLIST_KEY_UILaunchScreen_Generation = YES;
				INFOPLIST_KEY_UISupportedInterfaceOrientations_iPad = "UIInterfaceOrientationPortrait UIInterfaceOrientationPortraitUpsideDown UIInterfaceOrientationLandscapeLeft UIInterfaceOrientationLandscapeRight";
				INFOPLIST_KEY_UISupportedInterfaceOrientations_iPhone = "UIInterfaceOrientationPortrait UIInterfaceOrientationLandscapeLeft UIInterfaceOrientationLandscapeRight";
				LD_RUNPATH_SEARCH_PATHS = (
					"$(inherited)",
					"@executable_path/Frameworks",
				);
				MARKETING_VERSION = 1.0;
				PRODUCT_BUNDLE_IDENTIFIER = "com.example.apple.Cheshire-Hunt";
				PRODUCT_NAME = "$(TARGET_NAME)";
				SWIFT_EMIT_LOC_STRINGS = YES;
				SWIFT_VERSION = 5.0;
				TARGETED_DEVICE_FAMILY = "1,2";
			};
			name = Debug;
		};
		F2BD803B2BFA74A0004BA829 /* Release */ = {
			isa = XCBuildConfiguration;
			buildSettings = {
				ASSETCATALOG_COMPILER_APPICON_NAME = AppIcon;
				ASSETCATALOG_COMPILER_GLOBAL_ACCENT_COLOR_NAME = AccentColor;
				CODE_SIGN_STYLE = Automatic;
				CURRENT_PROJECT_VERSION = 1;
				DEVELOPMENT_ASSET_PATHS = "\"Cheshire Hunt/Preview Content\"";
				DEVELOPMENT_TEAM = KX8KRVU9U5;
				ENABLE_PREVIEWS = YES;
				GENERATE_INFOPLIST_FILE = YES;
				INFOPLIST_FILE = "Cheshire-Hunt-Info.plist";
				INFOPLIST_KEY_NSLocationAlwaysAndWhenInUseUsageDescription = "Application need your location";
				INFOPLIST_KEY_NSLocationAlwaysUsageDescription = "Application need your location";
				INFOPLIST_KEY_NSLocationUsageDescription = "Application need your location";
				INFOPLIST_KEY_NSLocationWhenInUseUsageDescription = "Application need your location";
				INFOPLIST_KEY_UIApplicationSceneManifest_Generation = YES;
				INFOPLIST_KEY_UIApplicationSupportsIndirectInputEvents = YES;
				INFOPLIST_KEY_UILaunchScreen_Generation = YES;
				INFOPLIST_KEY_UISupportedInterfaceOrientations_iPad = "UIInterfaceOrientationPortrait UIInterfaceOrientationPortraitUpsideDown UIInterfaceOrientationLandscapeLeft UIInterfaceOrientationLandscapeRight";
				INFOPLIST_KEY_UISupportedInterfaceOrientations_iPhone = "UIInterfaceOrientationPortrait UIInterfaceOrientationLandscapeLeft UIInterfaceOrientationLandscapeRight";
				LD_RUNPATH_SEARCH_PATHS = (
					"$(inherited)",
					"@executable_path/Frameworks",
				);
				MARKETING_VERSION = 1.0;
				PRODUCT_BUNDLE_IDENTIFIER = "com.example.apple.Cheshire-Hunt";
				PRODUCT_NAME = "$(TARGET_NAME)";
				SWIFT_EMIT_LOC_STRINGS = YES;
				SWIFT_VERSION = 5.0;
				TARGETED_DEVICE_FAMILY = "1,2";
			};
			name = Release;
		};
/* End XCBuildConfiguration section */

/* Begin XCConfigurationList section */
		F2BD80262BFA749F004BA829 /* Build configuration list for PBXProject "Cheshire Hunt" */ = {
			isa = XCConfigurationList;
			buildConfigurations = (
				F2BD80372BFA74A0004BA829 /* Debug */,
				F2BD80382BFA74A0004BA829 /* Release */,
			);
			defaultConfigurationIsVisible = 0;
			defaultConfigurationName = Release;
		};
		F2BD80392BFA74A0004BA829 /* Build configuration list for PBXNativeTarget "Cheshire Hunt" */ = {
			isa = XCConfigurationList;
			buildConfigurations = (
				F2BD803A2BFA74A0004BA829 /* Debug */,
				F2BD803B2BFA74A0004BA829 /* Release */,
			);
			defaultConfigurationIsVisible = 0;
			defaultConfigurationName = Release;
		};
/* End XCConfigurationList section */
	};
	rootObject = F2BD80232BFA749F004BA829 /* Project object */;
}
